
Microsoft Visual Studio Solution File, Format Version 12.00
# Visual Studio 15
Project("{FAE04EC0-301F-11D3-BF4B-00C04F79EFBC}") = "Assembly-CSharp-Editor", "Assembly-CSharp-Editor.csproj", "{14CC17B2-3AA0-F344-03FA-8D292556EFFE}"
EndProject
Global
	GlobalSection(SolutionConfigurationPlatforms) = preSolution
		Debug|Any CPU = Debug|Any CPU
		Release|Any CPU = Release|Any CPU
	EndGlobalSection
	GlobalSection(ProjectConfigurationPlatforms) = postSolution
		{14CC17B2-3AA0-F344-03FA-8D292556EFFE}.Debug|Any CPU.ActiveCfg = Debug|Any CPU
		{14CC17B2-3AA0-F344-03FA-8D292556EFFE}.Debug|Any CPU.Build.0 = Debug|Any CPU
		{14CC17B2-3AA0-F344-03FA-8D292556EFFE}.Release|Any CPU.ActiveCfg = Release|Any CPU
		{14CC17B2-3AA0-F344-03FA-8D292556EFFE}.Release|Any CPU.Build.0 = Release|Any CPU
	EndGlobalSection
	GlobalSection(SolutionProperties) = preSolution
		HideSolutionNode = FALSE
	EndGlobalSection
EndGlobal
